
Microsoft Visual Studio Solution File, Format Version 12.00
# Visual Studio Version 17
VisualStudioVersion = 17.4.33403.182
MinimumVisualStudioVersion = 10.0.40219.1
Project("{9A19103F-16F7-4668-BE54-9A1E7A4F7556}") = "SIS.HTTP", "SIS.HTTP\SIS.HTTP.csproj", "{5CC57A1A-FFF3-4546-B10D-0F0FE82D9EDC}"
EndProject
Project("{9A19103F-16F7-4668-BE54-9A1E7A4F7556}") = "SIS.MvcFramework", "SIS.MvcFramework\SIS.MvcFramework.csproj", "{22565113-F2B1-4DC6-9597-976AAFFF0F3F}"
EndProject
Project("{2150E333-8FDC-42A3-9474-1A3956D46DE8}") = "Apps", "Apps", "{B4ED3551-DF4C-458C-ADF3-29C645F5BECB}"
EndProject
Project("{9A19103F-16F7-4668-BE54-9A1E7A4F7556}") = "FirstApp", "Apps\FirstApp\FirstApp.csproj", "{1456DF18-3BB6-43EF-BB6E-11E6B6ABC582}"
EndProject
Global
	GlobalSection(SolutionConfigurationPlatforms) = preSolution
		Debug|Any CPU = Debug|Any CPU
		Release|Any CPU = Release|Any CPU
	EndGlobalSection
	GlobalSection(ProjectConfigurationPlatforms) = postSolution
		{5CC57A1A-FFF3-4546-B10D-0F0FE82D9EDC}.Debug|Any CPU.ActiveCfg = Debug|Any CPU
		{5CC57A1A-FFF3-4546-B10D-0F0FE82D9EDC}.Debug|Any CPU.Build.0 = Debug|Any CPU
		{5CC57A1A-FFF3-4546-B10D-0F0FE82D9EDC}.Release|Any CPU.ActiveCfg = Release|Any CPU
		{5CC57A1A-FFF3-4546-B10D-0F0FE82D9EDC}.Release|Any CPU.Build.0 = Release|Any CPU
		{22565113-F2B1-4DC6-9597-976AAFFF0F3F}.Debug|Any CPU.ActiveCfg = Debug|Any CPU
		{22565113-F2B1-4DC6-9597-976AAFFF0F3F}.Debug|Any CPU.Build.0 = Debug|Any CPU
		{22565113-F2B1-4DC6-9597-976AAFFF0F3F}.Release|Any CPU.ActiveCfg = Release|Any CPU
		{22565113-F2B1-4DC6-9597-976AAFFF0F3F}.Release|Any CPU.Build.0 = Release|Any CPU
		{1456DF18-3BB6-43EF-BB6E-11E6B6ABC582}.Debug|Any CPU.ActiveCfg = Debug|Any CPU
		{1456DF18-3BB6-43EF-BB6E-11E6B6ABC582}.Debug|Any CPU.Build.0 = Debug|Any CPU
		{1456DF18-3BB6-43EF-BB6E-11E6B6ABC582}.Release|Any CPU.ActiveCfg = Release|Any CPU
		{1456DF18-3BB6-43EF-BB6E-11E6B6ABC582}.Release|Any CPU.Build.0 = Release|Any CPU
	EndGlobalSection
	GlobalSection(SolutionProperties) = preSolution
		HideSolutionNode = FALSE
	EndGlobalSection
	GlobalSection(NestedProjects) = preSolution
		{1456DF18-3BB6-43EF-BB6E-11E6B6ABC582} = {B4ED3551-DF4C-458C-ADF3-29C645F5BECB}
	EndGlobalSection
	GlobalSection(ExtensibilityGlobals) = postSolution
		SolutionGuid = {CE5A7AD1-941D-44A6-BD68-CDA521A48964}
	EndGlobalSection
EndGlobal
