
Microsoft Visual Studio Solution File, Format Version 12.00
# Visual Studio Version 17
VisualStudioVersion = 17.4.33403.182
MinimumVisualStudioVersion = 10.0.40219.1
Project("{9A19103F-16F7-4668-BE54-9A1E7A4F7556}") = "project1", "project1\project1.csproj", "{6FD23532-CD8B-42EC-9047-2139C1F59E8E}"
EndProject
Global
	GlobalSection(SolutionConfigurationPlatforms) = preSolution
		Debug|Any CPU = Debug|Any CPU
		Release|Any CPU = Release|Any CPU
	EndGlobalSection
	GlobalSection(ProjectConfigurationPlatforms) = postSolution
		{6FD23532-CD8B-42EC-9047-2139C1F59E8E}.Debug|Any CPU.ActiveCfg = Debug|Any CPU
		{6FD23532-CD8B-42EC-9047-2139C1F59E8E}.Debug|Any CPU.Build.0 = Debug|Any CPU
		{6FD23532-CD8B-42EC-9047-2139C1F59E8E}.Release|Any CPU.ActiveCfg = Release|Any CPU
		{6FD23532-CD8B-42EC-9047-2139C1F59E8E}.Release|Any CPU.Build.0 = Release|Any CPU
	EndGlobalSection
	GlobalSection(SolutionProperties) = preSolution
		HideSolutionNode = FALSE
	EndGlobalSection
	GlobalSection(ExtensibilityGlobals) = postSolution
		SolutionGuid = {749975C5-4D64-4EB8-A6EC-FFB28957FA4A}
	EndGlobalSection
EndGlobal
